
Microsoft Visual Studio Solution File, Format Version 12.00
# Visual Studio 14
VisualStudioVersion = 14.0.25420.1
MinimumVisualStudioVersion = 10.0.40219.1
Project("{FAE04EC0-301F-11D3-BF4B-00C04F79EFBC}") = "2DDFT", "2DDFT\2DDFT.csproj", "{3E2120CA-A60F-456F-B219-B774D92EB9E2}"
EndProject
Project("{FAE04EC0-301F-11D3-BF4B-00C04F79EFBC}") = "Fourier", "Fourier\Fourier.csproj", "{350FD904-FDD2-4A8C-BDFC-079962D03900}"
EndProject
Global
	GlobalSection(SolutionConfigurationPlatforms) = preSolution
		Debug|Any CPU = Debug|Any CPU
		Release|Any CPU = Release|Any CPU
	EndGlobalSection
	GlobalSection(ProjectConfigurationPlatforms) = postSolution
		{3E2120CA-A60F-456F-B219-B774D92EB9E2}.Debug|Any CPU.ActiveCfg = Debug|Any CPU
		{3E2120CA-A60F-456F-B219-B774D92EB9E2}.Debug|Any CPU.Build.0 = Debug|Any CPU
		{3E2120CA-A60F-456F-B219-B774D92EB9E2}.Release|Any CPU.ActiveCfg = Release|Any CPU
		{3E2120CA-A60F-456F-B219-B774D92EB9E2}.Release|Any CPU.Build.0 = Release|Any CPU
		{350FD904-FDD2-4A8C-BDFC-079962D03900}.Debug|Any CPU.ActiveCfg = Debug|Any CPU
		{350FD904-FDD2-4A8C-BDFC-079962D03900}.Debug|Any CPU.Build.0 = Debug|Any CPU
		{350FD904-FDD2-4A8C-BDFC-079962D03900}.Release|Any CPU.ActiveCfg = Release|Any CPU
		{350FD904-FDD2-4A8C-BDFC-079962D03900}.Release|Any CPU.Build.0 = Release|Any CPU
	EndGlobalSection
	GlobalSection(SolutionProperties) = preSolution
		HideSolutionNode = FALSE
	EndGlobalSection
EndGlobal
